{
  "name": "router",
  "version": "1.0.0",
  "lockfileVersion": 3,
  "requires": true,
  "packages": {
    "": {
      "name": "router",
      "version": "1.0.0",
      "license": "ISC",
      "dependencies": {
        "crypto": "^1.0.1",
        "uni-config-center": "file:../../../uni_modules/uni-config-center/uniCloud/cloudfunctions/common/uni-config-center",
        "uni-id": "file:../../../uni_modules/uni-id/uniCloud/cloudfunctions/common/uni-id",
        "uni-open-bridge-common": "file:../../../uni_modules/uni-open-bridge-common/uniCloud/cloudfunctions/common/uni-open-bridge-common",
        "vk-unicloud": "file:../../../uni_modules/vk-unicloud/uniCloud/cloudfunctions/common/vk-unicloud"
      }
    },
    "../../../uni_modules/uni-config-center/uniCloud/cloudfunctions/common/uni-config-center": {
      "version": "0.0.3",
      "license": "Apache-2.0"
    },
    "../../../uni_modules/uni-id/uniCloud/cloudfunctions/common/uni-id": {
      "version": "3.3.32",
      "license": "Apache-2.0",
      "dependencies": {
        "uni-config-center": "file:../../../../../uni-config-center/uniCloud/cloudfunctions/common/uni-config-center"
      }
    },
    "../../../uni_modules/uni-open-bridge-common/uniCloud/cloudfunctions/common/uni-open-bridge-common": {
      "version": "1.0.0",
      "license": "ISC",
      "dependencies": {
        "uni-config-center": "file:../../../../../uni-config-center/uniCloud/cloudfunctions/common/uni-config-center"
      }
    },
    "../../../uni_modules/vk-unicloud/uniCloud/cloudfunctions/common/vk-unicloud": {
      "version": "2.19.4",
      "license": "Apache-2.0"
    },
    "node_modules/crypto": {
      "version": "1.0.1",
      "license": "ISC"
    },
    "node_modules/uni-config-center": {
      "resolved": "../../../uni_modules/uni-config-center/uniCloud/cloudfunctions/common/uni-config-center",
      "link": true
    },
    "node_modules/uni-id": {
      "resolved": "../../../uni_modules/uni-id/uniCloud/cloudfunctions/common/uni-id",
      "link": true
    },
    "node_modules/uni-open-bridge-common": {
      "resolved": "../../../uni_modules/uni-open-bridge-common/uniCloud/cloudfunctions/common/uni-open-bridge-common",
      "link": true
    },
    "node_modules/vk-unicloud": {
      "resolved": "../../../uni_modules/vk-unicloud/uniCloud/cloudfunctions/common/vk-unicloud",
      "link": true
    }
  }
}
